
Microsoft Visual Studio Solution File, Format Version 12.00
# Visual Studio Version 16
VisualStudioVersion = 16.0.31321.278
MinimumVisualStudioVersion = 10.0.40219.1
Project("{888888A0-9F3D-457C-B088-3A5042F75D52}") = "AudioRemover", "AudioRemover.pyproj", "{23C45DF5-C775-453A-90EC-299745D1A268}"
EndProject
Global
	GlobalSection(SolutionConfigurationPlatforms) = preSolution
		Debug|Any CPU = Debug|Any CPU
		Release|Any CPU = Release|Any CPU
	EndGlobalSection
	GlobalSection(ProjectConfigurationPlatforms) = postSolution
		{23C45DF5-C775-453A-90EC-299745D1A268}.Debug|Any CPU.ActiveCfg = Debug|Any CPU
		{23C45DF5-C775-453A-90EC-299745D1A268}.Release|Any CPU.ActiveCfg = Release|Any CPU
	EndGlobalSection
	GlobalSection(SolutionProperties) = preSolution
		HideSolutionNode = FALSE
	EndGlobalSection
	GlobalSection(ExtensibilityGlobals) = postSolution
		SolutionGuid = {70D29BC1-600A-4973-8CEA-9792A8192D02}
	EndGlobalSection
EndGlobal
